PODS:
  - AFNetworking (2.4.1):
    - AFNetworking/NSURLConnection
    - AFNetworking/NSURLSession
    - AFNetworking/Reachability
    - AFNetworking/Security
    - AFNetworking/Serialization
    - AFNetworking/UIKit
  - AFNetworking/NSURLConnection (2.4.1):
    - AFNetworking/Reachability
    - AFNetworking/Security
    - AFNetworking/Serialization
  - AFNetworking/NSURLSession (2.4.1):
    - AFNetworking/Reachability
    - AFNetworking/Security
    - AFNetworking/Serialization
  - AFNetworking/Reachability (2.4.1)
  - AFNetworking/Security (2.4.1)
  - AFNetworking/Serialization (2.4.1)
  - AFNetworking/UIKit (2.4.1):
    - AFNetworking/NSURLConnection
    - AFNetworking/NSURLSession
  - ALPValidator (0.0.5)
  - Bolts (1.1.3)
  - Google-API-Client (0.1.1):
    - Google-API-Client/AdSense
    - Google-API-Client/Analytics
    - Google-API-Client/AppState
    - Google-API-Client/Bigquery
    - Google-API-Client/Blogger
    - Google-API-Client/Books
    - Google-API-Client/Calendar
    - Google-API-Client/CivicInfo
    - Google-API-Client/Common
    - Google-API-Client/Compute
    - Google-API-Client/Discovery
    - Google-API-Client/DoubleClickBidManager
    - Google-API-Client/Drive
    - Google-API-Client/Groupssettings
    - Google-API-Client/Licensing
    - Google-API-Client/MapsEngine
    - Google-API-Client/Mirror
    - Google-API-Client/Orkut
    - Google-API-Client/Plus
    - Google-API-Client/PlusDomains
    - Google-API-Client/Prediction
    - Google-API-Client/QPXExpress
    - Google-API-Client/Spectrum
    - Google-API-Client/SQLAdmin
    - Google-API-Client/Storage
    - Google-API-Client/Tasks
    - Google-API-Client/Urlshortener
    - Google-API-Client/YouTube
    - Google-API-Client/YouTubeAnalytics
    - gtm-oauth2
    - GTMHTTPFetcher
  - Google-API-Client/AdSense (0.1.1):
    - Google-API-Client/Common
    - gtm-oauth2
    - GTMHTTPFetcher
  - Google-API-Client/Analytics (0.1.1):
    - Google-API-Client/Common
    - gtm-oauth2
    - GTMHTTPFetcher
  - Google-API-Client/AppState (0.1.1):
    - Google-API-Client/Common
    - gtm-oauth2
    - GTMHTTPFetcher
  - Google-API-Client/Bigquery (0.1.1):
    - Google-API-Client/Common
    - gtm-oauth2
    - GTMHTTPFetcher
  - Google-API-Client/Blogger (0.1.1):
    - Google-API-Client/Common
    - gtm-oauth2
    - GTMHTTPFetcher
  - Google-API-Client/Books (0.1.1):
    - Google-API-Client/Common
    - gtm-oauth2
    - GTMHTTPFetcher
  - Google-API-Client/Calendar (0.1.1):
    - Google-API-Client/Common
    - gtm-oauth2
    - GTMHTTPFetcher
  - Google-API-Client/CivicInfo (0.1.1):
    - Google-API-Client/Common
    - gtm-oauth2
    - GTMHTTPFetcher
  - Google-API-Client/Common (0.1.1):
    - gtm-oauth2
    - GTMHTTPFetcher
  - Google-API-Client/Compute (0.1.1):
    - Google-API-Client/Common
    - gtm-oauth2
    - GTMHTTPFetcher
  - Google-API-Client/Discovery (0.1.1):
    - Google-API-Client/Common
    - gtm-oauth2
    - GTMHTTPFetcher
  - Google-API-Client/DoubleClickBidManager (0.1.1):
    - Google-API-Client/Common
    - gtm-oauth2
    - GTMHTTPFetcher
  - Google-API-Client/Drive (0.1.1):
    - Google-API-Client/Common
    - gtm-oauth2
    - GTMHTTPFetcher
  - Google-API-Client/Groupssettings (0.1.1):
    - Google-API-Client/Common
    - gtm-oauth2
    - GTMHTTPFetcher
  - Google-API-Client/Licensing (0.1.1):
    - Google-API-Client/Common
    - gtm-oauth2
    - GTMHTTPFetcher
  - Google-API-Client/MapsEngine (0.1.1):
    - Google-API-Client/Common
    - gtm-oauth2
    - GTMHTTPFetcher
  - Google-API-Client/Mirror (0.1.1):
    - Google-API-Client/Common
    - gtm-oauth2
    - GTMHTTPFetcher
  - Google-API-Client/Orkut (0.1.1):
    - Google-API-Client/Common
    - gtm-oauth2
    - GTMHTTPFetcher
  - Google-API-Client/Plus (0.1.1):
    - Google-API-Client/Common
    - gtm-oauth2
    - GTMHTTPFetcher
  - Google-API-Client/PlusDomains (0.1.1):
    - Google-API-Client/Common
    - gtm-oauth2
    - GTMHTTPFetcher
  - Google-API-Client/Prediction (0.1.1):
    - Google-API-Client/Common
    - gtm-oauth2
    - GTMHTTPFetcher
  - Google-API-Client/QPXExpress (0.1.1):
    - Google-API-Client/Common
    - gtm-oauth2
    - GTMHTTPFetcher
  - Google-API-Client/Spectrum (0.1.1):
    - Google-API-Client/Common
    - gtm-oauth2
    - GTMHTTPFetcher
  - Google-API-Client/SQLAdmin (0.1.1):
    - Google-API-Client/Common
    - gtm-oauth2
    - GTMHTTPFetcher
  - Google-API-Client/Storage (0.1.1):
    - Google-API-Client/Common
    - gtm-oauth2
    - GTMHTTPFetcher
  - Google-API-Client/Tasks (0.1.1):
    - Google-API-Client/Common
    - gtm-oauth2
    - GTMHTTPFetcher
  - Google-API-Client/Urlshortener (0.1.1):
    - Google-API-Client/Common
    - gtm-oauth2
    - GTMHTTPFetcher
  - Google-API-Client/YouTube (0.1.1):
    - Google-API-Client/Common
    - gtm-oauth2
    - GTMHTTPFetcher
  - Google-API-Client/YouTubeAnalytics (0.1.1):
    - Google-API-Client/Common
    - gtm-oauth2
    - GTMHTTPFetcher
  - gtm-oauth2 (0.1.0):
    - GTMHTTPFetcher
  - GTMHTTPFetcher (0.1.0)
  - JBChartView (2.8.10)
  - Parse (1.4.2):
    - Bolts (~> 1.1.3)
  - RWDropdownMenu (1.0.1)

DEPENDENCIES:
  - AFNetworking
  - ALPValidator
  - Google-API-Client
  - JBChartView (~> 2.8.9)
  - Parse (~> 1.4)
  - RWDropdownMenu (~> 1.0.0)

SPEC CHECKSUMS:
  AFNetworking: 0aabc6fae66d6e5d039eeb21c315843c7aae51ab
  ALPValidator: 597b28ed21e532811702248320eea6f0bb3b2cd6
  Bolts: 3db0a875235e0c9042b013af13af0f00f79b102c
  Google-API-Client: 69cd2a04c649abe9f3fa6695bc4bb8965373f204
  gtm-oauth2: 64f2d404a50676ab63b5437a02a7567da8f8b7fa
  GTMHTTPFetcher: 0f02d5a5803dd08736462981064de6a7f59cf9bd
  JBChartView: 50b221ef68d0934f5aea417a369a5b02167848a9
  Parse: fc9ceb6edbc6bb6a1a1f3c33f0db3293a6894f94
  RWDropdownMenu: 74ad34e54804b33acac90cf54653a0cf9b59a689

COCOAPODS: 0.34.2
